
Microsoft Visual Studio Solution File, Format Version 12.00
# Visual Studio Version 16
VisualStudioVersion = 16.0.32002.261
MinimumVisualStudioVersion = 10.0.40219.1
Project("{FAE04EC0-301F-11D3-BF4B-00C04F79EFBC}") = "CompositeDesignPattern", "CompositeDesignPattern\CompositeDesignPattern.csproj", "{E731B918-455A-447B-A8F2-A0369132BDB6}"
EndProject
Global
	GlobalSection(SolutionConfigurationPlatforms) = preSolution
		Debug|Any CPU = Debug|Any CPU
		Release|Any CPU = Release|Any CPU
	EndGlobalSection
	GlobalSection(ProjectConfigurationPlatforms) = postSolution
		{E731B918-455A-447B-A8F2-A0369132BDB6}.Debug|Any CPU.ActiveCfg = Debug|Any CPU
		{E731B918-455A-447B-A8F2-A0369132BDB6}.Debug|Any CPU.Build.0 = Debug|Any CPU
		{E731B918-455A-447B-A8F2-A0369132BDB6}.Release|Any CPU.ActiveCfg = Release|Any CPU
		{E731B918-455A-447B-A8F2-A0369132BDB6}.Release|Any CPU.Build.0 = Release|Any CPU
	EndGlobalSection
	GlobalSection(SolutionProperties) = preSolution
		HideSolutionNode = FALSE
	EndGlobalSection
	GlobalSection(ExtensibilityGlobals) = postSolution
		SolutionGuid = {175DB566-B556-440A-B647-87DC8F3BE043}
	EndGlobalSection
EndGlobal
